// !$*UTF8*$!
{
	archiveVersion = 1;
	classes = {
	};
	objectVersion = 55;
	objects = {

/* Begin PBXBuildFile section */
		0EAC69C6293E62EF00B0FF94 /* FireParticles.sks in Resources */ = {isa = PBXBuildFile; fileRef = 0EAC69B7293E62EF00B0FF94 /* FireParticles.sks */; };
		0EAC69C7293E62EF00B0FF94 /* ballBlue@2x.png in Resources */ = {isa = PBXBuildFile; fileRef = 0EAC69B8293E62EF00B0FF94 /* ballBlue@2x.png */; };
		0EAC69C8293E62EF00B0FF94 /* slotGlowBad@2x.png in Resources */ = {isa = PBXBuildFile; fileRef = 0EAC69B9293E62EF00B0FF94 /* slotGlowBad@2x.png */; };
		0EAC69C9293E62EF00B0FF94 /* ballYellow@2x.png in Resources */ = {isa = PBXBuildFile; fileRef = 0EAC69BA293E62EF00B0FF94 /* ballYellow@2x.png */; };
		0EAC69CA293E62EF00B0FF94 /* slotBaseGood@2x.png in Resources */ = {isa = PBXBuildFile; fileRef = 0EAC69BB293E62EF00B0FF94 /* slotBaseGood@2x.png */; };
		0EAC69CB293E62EF00B0FF94 /* ballPurple@2x.png in Resources */ = {isa = PBXBuildFile; fileRef = 0EAC69BC293E62EF00B0FF94 /* ballPurple@2x.png */; };
		0EAC69CC293E62EF00B0FF94 /* slotBaseBad@2x.png in Resources */ = {isa = PBXBuildFile; fileRef = 0EAC69BD293E62EF00B0FF94 /* slotBaseBad@2x.png */; };
		0EAC69CD293E62EF00B0FF94 /* ballGrey@2x.png in Resources */ = {isa = PBXBuildFile; fileRef = 0EAC69BE293E62EF00B0FF94 /* ballGrey@2x.png */; };
		0EAC69CE293E62EF00B0FF94 /* spark.png in Resources */ = {isa = PBXBuildFile; fileRef = 0EAC69BF293E62EF00B0FF94 /* spark.png */; };
		0EAC69CF293E62EF00B0FF94 /* bouncer@2x.png in Resources */ = {isa = PBXBuildFile; fileRef = 0EAC69C0293E62EF00B0FF94 /* bouncer@2x.png */; };
		0EAC69D0293E62EF00B0FF94 /* slotGlowGood@2x.png in Resources */ = {isa = PBXBuildFile; fileRef = 0EAC69C1293E62EF00B0FF94 /* slotGlowGood@2x.png */; };
		0EAC69D1293E62EF00B0FF94 /* ballRed@2x.png in Resources */ = {isa = PBXBuildFile; fileRef = 0EAC69C2293E62EF00B0FF94 /* ballRed@2x.png */; };
		0EAC69D2293E62EF00B0FF94 /* ballCyan@2x.png in Resources */ = {isa = PBXBuildFile; fileRef = 0EAC69C3293E62EF00B0FF94 /* ballCyan@2x.png */; };
		0EAC69D3293E62EF00B0FF94 /* background@2x.jpg in Resources */ = {isa = PBXBuildFile; fileRef = 0EAC69C4293E62EF00B0FF94 /* background@2x.jpg */; };
		0EAC69D4293E62EF00B0FF94 /* ballGreen@2x.png in Resources */ = {isa = PBXBuildFile; fileRef = 0EAC69C5293E62EF00B0FF94 /* ballGreen@2x.png */; };
		0EBE058D293CEBB700C28333 /* AppDelegate.swift in Sources */ = {isa = PBXBuildFile; fileRef = 0EBE058C293CEBB700C28333 /* AppDelegate.swift */; };
		0EBE058F293CEBB700C28333 /* GameScene.sks in Resources */ = {isa = PBXBuildFile; fileRef = 0EBE058E293CEBB700C28333 /* GameScene.sks */; };
		0EBE0593293CEBB700C28333 /* GameScene.swift in Sources */ = {isa = PBXBuildFile; fileRef = 0EBE0592293CEBB700C28333 /* GameScene.swift */; };
		0EBE0595293CEBB700C28333 /* GameViewController.swift in Sources */ = {isa = PBXBuildFile; fileRef = 0EBE0594293CEBB700C28333 /* GameViewController.swift */; };
		0EBE0598293CEBB700C28333 /* Main.storyboard in Resources */ = {isa = PBXBuildFile; fileRef = 0EBE0596293CEBB700C28333 /* Main.storyboard */; };
		0EBE059A293CEBB900C28333 /* Assets.xcassets in Resources */ = {isa = PBXBuildFile; fileRef = 0EBE0599293CEBB900C28333 /* Assets.xcassets */; };
		0EBE059D293CEBB900C28333 /* LaunchScreen.storyboard in Resources */ = {isa = PBXBuildFile; fileRef = 0EBE059B293CEBB900C28333 /* LaunchScreen.storyboard */; };
/* End PBXBuildFile section */

/* Begin PBXFileReference section */
		0EAC69B7293E62EF00B0FF94 /* FireParticles.sks */ = {isa = PBXFileReference; lastKnownFileType = file.sks; path = FireParticles.sks; sourceTree = "<group>"; };
		0EAC69B8293E62EF00B0FF94 /* ballBlue@2x.png */ = {isa = PBXFileReference; lastKnownFileType = image.png; path = "ballBlue@2x.png"; sourceTree = "<group>"; };
		0EAC69B9293E62EF00B0FF94 /* slotGlowBad@2x.png */ = {isa = PBXFileReference; lastKnownFileType = image.png; path = "slotGlowBad@2x.png"; sourceTree = "<group>"; };
		0EAC69BA293E62EF00B0FF94 /* ballYellow@2x.png */ = {isa = PBXFileReference; lastKnownFileType = image.png; path = "ballYellow@2x.png"; sourceTree = "<group>"; };
		0EAC69BB293E62EF00B0FF94 /* slotBaseGood@2x.png */ = {isa = PBXFileReference; lastKnownFileType = image.png; path = "slotBaseGood@2x.png"; sourceTree = "<group>"; };
		0EAC69BC293E62EF00B0FF94 /* ballPurple@2x.png */ = {isa = PBXFileReference; lastKnownFileType = image.png; path = "ballPurple@2x.png"; sourceTree = "<group>"; };
		0EAC69BD293E62EF00B0FF94 /* slotBaseBad@2x.png */ = {isa = PBXFileReference; lastKnownFileType = image.png; path = "slotBaseBad@2x.png"; sourceTree = "<group>"; };
		0EAC69BE293E62EF00B0FF94 /* ballGrey@2x.png */ = {isa = PBXFileReference; lastKnownFileType = image.png; path = "ballGrey@2x.png"; sourceTree = "<group>"; };
		0EAC69BF293E62EF00B0FF94 /* spark.png */ = {isa = PBXFileReference; lastKnownFileType = image.png; path = spark.png; sourceTree = "<group>"; };
		0EAC69C0293E62EF00B0FF94 /* bouncer@2x.png */ = {isa = PBXFileReference; lastKnownFileType = image.png; path = "bouncer@2x.png"; sourceTree = "<group>"; };
		0EAC69C1293E62EF00B0FF94 /* slotGlowGood@2x.png */ = {isa = PBXFileReference; lastKnownFileType = image.png; path = "slotGlowGood@2x.png"; sourceTree = "<group>"; };
		0EAC69C2293E62EF00B0FF94 /* ballRed@2x.png */ = {isa = PBXFileReference; lastKnownFileType = image.png; path = "ballRed@2x.png"; sourceTree = "<group>"; };
		0EAC69C3293E62EF00B0FF94 /* ballCyan@2x.png */ = {isa = PBXFileReference; lastKnownFileType = image.png; path = "ballCyan@2x.png"; sourceTree = "<group>"; };
		0EAC69C4293E62EF00B0FF94 /* background@2x.jpg */ = {isa = PBXFileReference; lastKnownFileType = image.jpeg; path = "background@2x.jpg"; sourceTree = "<group>"; };
		0EAC69C5293E62EF00B0FF94 /* ballGreen@2x.png */ = {isa = PBXFileReference; lastKnownFileType = image.png; path = "ballGreen@2x.png"; sourceTree = "<group>"; };
		0EBE0589293CEBB700C28333 /* Project11.app */ = {isa = PBXFileReference; explicitFileType = wrapper.application; includeInIndex = 0; path = Project11.app; sourceTree = BUILT_PRODUCTS_DIR; };
		0EBE058C293CEBB700C28333 /* AppDelegate.swift */ = {isa = PBXFileReference; lastKnownFileType = sourcecode.swift; path = AppDelegate.swift; sourceTree = "<group>"; };
		0EBE058E293CEBB700C28333 /* GameScene.sks */ = {isa = PBXFileReference; lastKnownFileType = file.sks; path = GameScene.sks; sourceTree = "<group>"; };
		0EBE0592293CEBB700C28333 /* GameScene.swift */ = {isa = PBXFileReference; lastKnownFileType = sourcecode.swift; path = GameScene.swift; sourceTree = "<group>"; };
		0EBE0594293CEBB700C28333 /* GameViewController.swift */ = {isa = PBXFileReference; lastKnownFileType = sourcecode.swift; path = GameViewController.swift; sourceTree = "<group>"; };
		0EBE0597293CEBB700C28333 /* Base */ = {isa = PBXFileReference; lastKnownFileType = file.storyboard; name = Base; path = Base.lproj/Main.storyboard; sourceTree = "<group>"; };
		0EBE0599293CEBB900C28333 /* Assets.xcassets */ = {isa = PBXFileReference; lastKnownFileType = folder.assetcatalog; path = Assets.xcassets; sourceTree = "<group>"; };
		0EBE059C293CEBB900C28333 /* Base */ = {isa = PBXFileReference; lastKnownFileType = file.storyboard; name = Base; path = Base.lproj/LaunchScreen.storyboard; sourceTree = "<group>"; };
/* End PBXFileReference section */

/* Begin PBXFrameworksBuildPhase section */
		0EBE0586293CEBB700C28333 /* Frameworks */ = {
			isa = PBXFrameworksBuildPhase;
			buildActionMask = 2147483647;
			files = (
			);
			runOnlyForDeploymentPostprocessing = 0;
		};
/* End PBXFrameworksBuildPhase section */

/* Begin PBXGroup section */
		0EAC69B6293E62EF00B0FF94 /* Content */ = {
			isa = PBXGroup;
			children = (
				0EAC69B7293E62EF00B0FF94 /* FireParticles.sks */,
				0EAC69B8293E62EF00B0FF94 /* ballBlue@2x.png */,
				0EAC69B9293E62EF00B0FF94 /* slotGlowBad@2x.png */,
				0EAC69BA293E62EF00B0FF94 /* ballYellow@2x.png */,
				0EAC69BB293E62EF00B0FF94 /* slotBaseGood@2x.png */,
				0EAC69BC293E62EF00B0FF94 /* ballPurple@2x.png */,
				0EAC69BD293E62EF00B0FF94 /* slotBaseBad@2x.png */,
				0EAC69BE293E62EF00B0FF94 /* ballGrey@2x.png */,
				0EAC69BF293E62EF00B0FF94 /* spark.png */,
				0EAC69C0293E62EF00B0FF94 /* bouncer@2x.png */,
				0EAC69C1293E62EF00B0FF94 /* slotGlowGood@2x.png */,
				0EAC69C2293E62EF00B0FF94 /* ballRed@2x.png */,
				0EAC69C3293E62EF00B0FF94 /* ballCyan@2x.png */,
				0EAC69C4293E62EF00B0FF94 /* background@2x.jpg */,
				0EAC69C5293E62EF00B0FF94 /* ballGreen@2x.png */,
			);
			path = Content;
			sourceTree = "<group>";
		};
		0EBE0580293CEBB700C28333 = {
			isa = PBXGroup;
			children = (
				0EBE058B293CEBB700C28333 /* Project11 */,
				0EBE058A293CEBB700C28333 /* Products */,
			);
			sourceTree = "<group>";
		};
		0EBE058A293CEBB700C28333 /* Products */ = {
			isa = PBXGroup;
			children = (
				0EBE0589293CEBB700C28333 /* Project11.app */,
			);
			name = Products;
			sourceTree = "<group>";
		};
		0EBE058B293CEBB700C28333 /* Project11 */ = {
			isa = PBXGroup;
			children = (
				0EBE058C293CEBB700C28333 /* AppDelegate.swift */,
				0EBE058E293CEBB700C28333 /* GameScene.sks */,
				0EBE0592293CEBB700C28333 /* GameScene.swift */,
				0EBE0594293CEBB700C28333 /* GameViewController.swift */,
				0EBE0596293CEBB700C28333 /* Main.storyboard */,
				0EBE0599293CEBB900C28333 /* Assets.xcassets */,
				0EBE059B293CEBB900C28333 /* LaunchScreen.storyboard */,
				0EAC69B6293E62EF00B0FF94 /* Content */,
			);
			path = Project11;
			sourceTree = "<group>";
		};
/* End PBXGroup section */

/* Begin PBXNativeTarget section */
		0EBE0588293CEBB700C28333 /* Project11 */ = {
			isa = PBXNativeTarget;
			buildConfigurationList = 0EBE05A0293CEBB900C28333 /* Build configuration list for PBXNativeTarget "Project11" */;
			buildPhases = (
				0EBE0585293CEBB700C28333 /* Sources */,
				0EBE0586293CEBB700C28333 /* Frameworks */,
				0EBE0587293CEBB700C28333 /* Resources */,
			);
			buildRules = (
			);
			dependencies = (
			);
			name = Project11;
			productName = Project11;
			productReference = 0EBE0589293CEBB700C28333 /* Project11.app */;
			productType = "com.apple.product-type.application";
		};
/* End PBXNativeTarget section */

/* Begin PBXProject section */
		0EBE0581293CEBB700C28333 /* Project object */ = {
			isa = PBXProject;
			attributes = {
				BuildIndependentTargetsInParallel = 1;
				LastSwiftUpdateCheck = 1300;
				LastUpgradeCheck = 1300;
				TargetAttributes = {
					0EBE0588293CEBB700C28333 = {
						CreatedOnToolsVersion = 13.0;
					};
				};
			};
			buildConfigurationList = 0EBE0584293CEBB700C28333 /* Build configuration list for PBXProject "Project11" */;
			compatibilityVersion = "Xcode 13.0";
			developmentRegion = en;
			hasScannedForEncodings = 0;
			knownRegions = (
				en,
				Base,
			);
			mainGroup = 0EBE0580293CEBB700C28333;
			productRefGroup = 0EBE058A293CEBB700C28333 /* Products */;
			projectDirPath = "";
			projectRoot = "";
			targets = (
				0EBE0588293CEBB700C28333 /* Project11 */,
			);
		};
/* End PBXProject section */

/* Begin PBXResourcesBuildPhase section */
		0EBE0587293CEBB700C28333 /* Resources */ = {
			isa = PBXResourcesBuildPhase;
			buildActionMask = 2147483647;
			files = (
				0EBE0598293CEBB700C28333 /* Main.storyboard in Resources */,
				0EAC69D1293E62EF00B0FF94 /* ballRed@2x.png in Resources */,
				0EAC69CB293E62EF00B0FF94 /* ballPurple@2x.png in Resources */,
				0EAC69CC293E62EF00B0FF94 /* slotBaseBad@2x.png in Resources */,
				0EAC69CA293E62EF00B0FF94 /* slotBaseGood@2x.png in Resources */,
				0EBE058F293CEBB700C28333 /* GameScene.sks in Resources */,
				0EAC69D0293E62EF00B0FF94 /* slotGlowGood@2x.png in Resources */,
				0EAC69CE293E62EF00B0FF94 /* spark.png in Resources */,
				0EAC69C6293E62EF00B0FF94 /* FireParticles.sks in Resources */,
				0EBE059A293CEBB900C28333 /* Assets.xcassets in Resources */,
				0EBE059D293CEBB900C28333 /* LaunchScreen.storyboard in Resources */,
				0EAC69C9293E62EF00B0FF94 /* ballYellow@2x.png in Resources */,
				0EAC69D4293E62EF00B0FF94 /* ballGreen@2x.png in Resources */,
				0EAC69C7293E62EF00B0FF94 /* ballBlue@2x.png in Resources */,
				0EAC69D2293E62EF00B0FF94 /* ballCyan@2x.png in Resources */,
				0EAC69CF293E62EF00B0FF94 /* bouncer@2x.png in Resources */,
				0EAC69CD293E62EF00B0FF94 /* ballGrey@2x.png in Resources */,
				0EAC69D3293E62EF00B0FF94 /* background@2x.jpg in Resources */,
				0EAC69C8293E62EF00B0FF94 /* slotGlowBad@2x.png in Resources */,
			);
			runOnlyForDeploymentPostprocessing = 0;
		};
/* End PBXResourcesBuildPhase section */

/* Begin PBXSourcesBuildPhase section */
		0EBE0585293CEBB700C28333 /* Sources */ = {
			isa = PBXSourcesBuildPhase;
			buildActionMask = 2147483647;
			files = (
				0EBE0593293CEBB700C28333 /* GameScene.swift in Sources */,
				0EBE0595293CEBB700C28333 /* GameViewController.swift in Sources */,
				0EBE058D293CEBB700C28333 /* AppDelegate.swift in Sources */,
			);
			runOnlyForDeploymentPostprocessing = 0;
		};
/* End PBXSourcesBuildPhase section */

/* Begin PBXVariantGroup section */
		0EBE0596293CEBB700C28333 /* Main.storyboard */ = {
			isa = PBXVariantGroup;
			children = (
				0EBE0597293CEBB700C28333 /* Base */,
			);
			name = Main.storyboard;
			sourceTree = "<group>";
		};
		0EBE059B293CEBB900C28333 /* LaunchScreen.storyboard */ = {
			isa = PBXVariantGroup;
			children = (
				0EBE059C293CEBB900C28333 /* Base */,
			);
			name = LaunchScreen.storyboard;
			sourceTree = "<group>";
		};
/* End PBXVariantGroup section */

/* Begin XCBuildConfiguration section */
		0EBE059E293CEBB900C28333 /* Debug */ = {
			isa = XCBuildConfiguration;
			buildSettings = {
				ALWAYS_SEARCH_USER_PATHS = NO;
				CLANG_ANALYZER_NONNULL = YES;
				CLANG_ANALYZER_NUMBER_OBJECT_CONVERSION = YES_AGGRESSIVE;
				CLANG_CXX_LANGUAGE_STANDARD = "gnu++17";
				CLANG_CXX_LIBRARY = "libc++";
				CLANG_ENABLE_MODULES = YES;
				CLANG_ENABLE_OBJC_ARC = YES;
				CLANG_ENABLE_OBJC_WEAK = YES;
				CLANG_WARN_BLOCK_CAPTURE_AUTORELEASING = YES;
				CLANG_WARN_BOOL_CONVERSION = YES;
				CLANG_WARN_COMMA = YES;
				CLANG_WARN_CONSTANT_CONVERSION = YES;
				CLANG_WARN_DEPRECATED_OBJC_IMPLEMENTATIONS = YES;
				CLANG_WARN_DIRECT_OBJC_ISA_USAGE = YES_ERROR;
				CLANG_WARN_DOCUMENTATION_COMMENTS = YES;
				CLANG_WARN_EMPTY_BODY = YES;
				CLANG_WARN_ENUM_CONVERSION = YES;
				CLANG_WARN_INFINITE_RECURSION = YES;
				CLANG_WARN_INT_CONVERSION = YES;
				CLANG_WARN_NON_LITERAL_NULL_CONVERSION = YES;
				CLANG_WARN_OBJC_IMPLICIT_RETAIN_SELF = YES;
				CLANG_WARN_OBJC_LITERAL_CONVERSION = YES;
				CLANG_WARN_OBJC_ROOT_CLASS = YES_ERROR;
				CLANG_WARN_QUOTED_INCLUDE_IN_FRAMEWORK_HEADER = YES;
				CLANG_WARN_RANGE_LOOP_ANALYSIS = YES;
				CLANG_WARN_STRICT_PROTOTYPES = YES;
				CLANG_WARN_SUSPICIOUS_MOVE = YES;
				CLANG_WARN_UNGUARDED_AVAILABILITY = YES_AGGRESSIVE;
				CLANG_WARN_UNREACHABLE_CODE = YES;
				CLANG_WARN__DUPLICATE_METHOD_MATCH = YES;
				COPY_PHASE_STRIP = NO;
				DEBUG_INFORMATION_FORMAT = dwarf;
				ENABLE_STRICT_OBJC_MSGSEND = YES;
				ENABLE_TESTABILITY = YES;
				GCC_C_LANGUAGE_STANDARD = gnu11;
				GCC_DYNAMIC_NO_PIC = NO;
				GCC_NO_COMMON_BLOCKS = YES;
				GCC_OPTIMIZATION_LEVEL = 0;
				GCC_PREPROCESSOR_DEFINITIONS = (
					"DEBUG=1",
					"$(inherited)",
				);
				GCC_WARN_64_TO_32_BIT_CONVERSION = YES;
				GCC_WARN_ABOUT_RETURN_TYPE = YES_ERROR;
				GCC_WARN_UNDECLARED_SELECTOR = YES;
				GCC_WARN_UNINITIALIZED_AUTOS = YES_AGGRESSIVE;
				GCC_WARN_UNUSED_FUNCTION = YES;
				GCC_WARN_UNUSED_VARIABLE = YES;
				IPHONEOS_DEPLOYMENT_TARGET = 15.0;
				MTL_ENABLE_DEBUG_INFO = INCLUDE_SOURCE;
				MTL_FAST_MATH = YES;
				ONLY_ACTIVE_ARCH = YES;
				SDKROOT = iphoneos;
				SWIFT_ACTIVE_COMPILATION_CONDITIONS = DEBUG;
				SWIFT_OPTIMIZATION_LEVEL = "-Onone";
			};
			name = Debug;
		};
		0EBE059F293CEBB900C28333 /* Release */ = {
			isa = XCBuildConfiguration;
			buildSettings = {
				ALWAYS_SEARCH_USER_PATHS = NO;
				CLANG_ANALYZER_NONNULL = YES;
				CLANG_ANALYZER_NUMBER_OBJECT_CONVERSION = YES_AGGRESSIVE;
				CLANG_CXX_LANGUAGE_STANDARD = "gnu++17";
				CLANG_CXX_LIBRARY = "libc++";
				CLANG_ENABLE_MODULES = YES;
				CLANG_ENABLE_OBJC_ARC = YES;
				CLANG_ENABLE_OBJC_WEAK = YES;
				CLANG_WARN_BLOCK_CAPTURE_AUTORELEASING = YES;
				CLANG_WARN_BOOL_CONVERSION = YES;
				CLANG_WARN_COMMA = YES;
				CLANG_WARN_CONSTANT_CONVERSION = YES;
				CLANG_WARN_DEPRECATED_OBJC_IMPLEMENTATIONS = YES;
				CLANG_WARN_DIRECT_OBJC_ISA_USAGE = YES_ERROR;
				CLANG_WARN_DOCUMENTATION_COMMENTS = YES;
				CLANG_WARN_EMPTY_BODY = YES;
				CLANG_WARN_ENUM_CONVERSION = YES;
				CLANG_WARN_INFINITE_RECURSION = YES;
				CLANG_WARN_INT_CONVERSION = YES;
				CLANG_WARN_NON_LITERAL_NULL_CONVERSION = YES;
				CLANG_WARN_OBJC_IMPLICIT_RETAIN_SELF = YES;
				CLANG_WARN_OBJC_LITERAL_CONVERSION = YES;
				CLANG_WARN_OBJC_ROOT_CLASS = YES_ERROR;
				CLANG_WARN_QUOTED_INCLUDE_IN_FRAMEWORK_HEADER = YES;
				CLANG_WARN_RANGE_LOOP_ANALYSIS = YES;
				CLANG_WARN_STRICT_PROTOTYPES = YES;
				CLANG_WARN_SUSPICIOUS_MOVE = YES;
				CLANG_WARN_UNGUARDED_AVAILABILITY = YES_AGGRESSIVE;
				CLANG_WARN_UNREACHABLE_CODE = YES;
				CLANG_WARN__DUPLICATE_METHOD_MATCH = YES;
				COPY_PHASE_STRIP = NO;
				DEBUG_INFORMATION_FORMAT = "dwarf-with-dsym";
				ENABLE_NS_ASSERTIONS = NO;
				ENABLE_STRICT_OBJC_MSGSEND = YES;
				GCC_C_LANGUAGE_STANDARD = gnu11;
				GCC_NO_COMMON_BLOCKS = YES;
				GCC_WARN_64_TO_32_BIT_CONVERSION = YES;
				GCC_WARN_ABOUT_RETURN_TYPE = YES_ERROR;
				GCC_WARN_UNDECLARED_SELECTOR = YES;
				GCC_WARN_UNINITIALIZED_AUTOS = YES_AGGRESSIVE;
				GCC_WARN_UNUSED_FUNCTION = YES;
				GCC_WARN_UNUSED_VARIABLE = YES;
				IPHONEOS_DEPLOYMENT_TARGET = 15.0;
				MTL_ENABLE_DEBUG_INFO = NO;
				MTL_FAST_MATH = YES;
				SDKROOT = iphoneos;
				SWIFT_COMPILATION_MODE = wholemodule;
				SWIFT_OPTIMIZATION_LEVEL = "-O";
				VALIDATE_PRODUCT = YES;
			};
			name = Release;
		};
		0EBE05A1293CEBB900C28333 /* Debug */ = {
			isa = XCBuildConfiguration;
			buildSettings = {
				ASSETCATALOG_COMPILER_APPICON_NAME = AppIcon;
				ASSETCATALOG_COMPILER_GLOBAL_ACCENT_COLOR_NAME = AccentColor;
				CODE_SIGN_STYLE = Automatic;
				CURRENT_PROJECT_VERSION = 1;
				GENERATE_INFOPLIST_FILE = YES;
				INFOPLIST_KEY_UIApplicationSupportsIndirectInputEvents = YES;
				INFOPLIST_KEY_UILaunchStoryboardName = LaunchScreen;
				INFOPLIST_KEY_UIMainStoryboardFile = Main;
				INFOPLIST_KEY_UIStatusBarHidden = YES;
				INFOPLIST_KEY_UISupportedInterfaceOrientations_iPad = "UIInterfaceOrientationLandscapeLeft UIInterfaceOrientationLandscapeRight";
				INFOPLIST_KEY_UISupportedInterfaceOrientations_iPhone = "UIInterfaceOrientationPortrait UIInterfaceOrientationLandscapeLeft UIInterfaceOrientationLandscapeRight";
				LD_RUNPATH_SEARCH_PATHS = (
					"$(inherited)",
					"@executable_path/Frameworks",
				);
				MARKETING_VERSION = 1.0;
				PRODUCT_BUNDLE_IDENTIFIER = com.hws.Project11;
				PRODUCT_NAME = "$(TARGET_NAME)";
				SWIFT_EMIT_LOC_STRINGS = YES;
				SWIFT_VERSION = 5.0;
				TARGETED_DEVICE_FAMILY = 2;
			};
			name = Debug;
		};
		0EBE05A2293CEBB900C28333 /* Release */ = {
			isa = XCBuildConfiguration;
			buildSettings = {
				ASSETCATALOG_COMPILER_APPICON_NAME = AppIcon;
				ASSETCATALOG_COMPILER_GLOBAL_ACCENT_COLOR_NAME = AccentColor;
				CODE_SIGN_STYLE = Automatic;
				CURRENT_PROJECT_VERSION = 1;
				GENERATE_INFOPLIST_FILE = YES;
				INFOPLIST_KEY_UIApplicationSupportsIndirectInputEvents = YES;
				INFOPLIST_KEY_UILaunchStoryboardName = LaunchScreen;
				INFOPLIST_KEY_UIMainStoryboardFile = Main;
				INFOPLIST_KEY_UIStatusBarHidden = YES;
				INFOPLIST_KEY_UISupportedInterfaceOrientations_iPad = "UIInterfaceOrientationLandscapeLeft UIInterfaceOrientationLandscapeRight";
				INFOPLIST_KEY_UISupportedInterfaceOrientations_iPhone = "UIInterfaceOrientationPortrait UIInterfaceOrientationLandscapeLeft UIInterfaceOrientationLandscapeRight";
				LD_RUNPATH_SEARCH_PATHS = (
					"$(inherited)",
					"@executable_path/Frameworks",
				);
				MARKETING_VERSION = 1.0;
				PRODUCT_BUNDLE_IDENTIFIER = com.hws.Project11;
				PRODUCT_NAME = "$(TARGET_NAME)";
				SWIFT_EMIT_LOC_STRINGS = YES;
				SWIFT_VERSION = 5.0;
				TARGETED_DEVICE_FAMILY = 2;
			};
			name = Release;
		};
/* End XCBuildConfiguration section */

/* Begin XCConfigurationList section */
		0EBE0584293CEBB700C28333 /* Build configuration list for PBXProject "Project11" */ = {
			isa = XCConfigurationList;
			buildConfigurations = (
				0EBE059E293CEBB900C28333 /* Debug */,
				0EBE059F293CEBB900C28333 /* Release */,
			);
			defaultConfigurationIsVisible = 0;
			defaultConfigurationName = Release;
		};
		0EBE05A0293CEBB900C28333 /* Build configuration list for PBXNativeTarget "Project11" */ = {
			isa = XCConfigurationList;
			buildConfigurations = (
				0EBE05A1293CEBB900C28333 /* Debug */,
				0EBE05A2293CEBB900C28333 /* Release */,
			);
			defaultConfigurationIsVisible = 0;
			defaultConfigurationName = Release;
		};
/* End XCConfigurationList section */
	};
	rootObject = 0EBE0581293CEBB700C28333 /* Project object */;
}
